
Microsoft Visual Studio Solution File, Format Version 12.00
# Visual Studio Version 16
VisualStudioVersion = 16.0.31105.61
MinimumVisualStudioVersion = 10.0.40219.1
Project("{FAE04EC0-301F-11D3-BF4B-00C04F79EFBC}") = "MVCProje", "MVCProje\MVCProje.csproj", "{505CDDBD-D373-4607-A1C6-1E4FB9D4EF61}"
EndProject
Project("{FAE04EC0-301F-11D3-BF4B-00C04F79EFBC}") = "EntitiyLayer", "EntitiyLayer\EntitiyLayer.csproj", "{5865DC86-EA25-416E-9D58-2461DB312E3F}"
EndProject
Project("{FAE04EC0-301F-11D3-BF4B-00C04F79EFBC}") = "DataAccesLayer", "DataAccesLayer\DataAccesLayer.csproj", "{450E9306-0933-441C-8E8A-79571FD8812C}"
EndProject
Project("{FAE04EC0-301F-11D3-BF4B-00C04F79EFBC}") = "BusinessLayer", "BusinessLayer\BusinessLayer.csproj", "{3C777B08-CB12-4634-9048-2FA2B35B44D5}"
EndProject
Global
	GlobalSection(SolutionConfigurationPlatforms) = preSolution
		Debug|Any CPU = Debug|Any CPU
		Release|Any CPU = Release|Any CPU
	EndGlobalSection
	GlobalSection(ProjectConfigurationPlatforms) = postSolution
		{505CDDBD-D373-4607-A1C6-1E4FB9D4EF61}.Debug|Any CPU.ActiveCfg = Debug|Any CPU
		{505CDDBD-D373-4607-A1C6-1E4FB9D4EF61}.Debug|Any CPU.Build.0 = Debug|Any CPU
		{505CDDBD-D373-4607-A1C6-1E4FB9D4EF61}.Release|Any CPU.ActiveCfg = Release|Any CPU
		{505CDDBD-D373-4607-A1C6-1E4FB9D4EF61}.Release|Any CPU.Build.0 = Release|Any CPU
		{5865DC86-EA25-416E-9D58-2461DB312E3F}.Debug|Any CPU.ActiveCfg = Debug|Any CPU
		{5865DC86-EA25-416E-9D58-2461DB312E3F}.Debug|Any CPU.Build.0 = Debug|Any CPU
		{5865DC86-EA25-416E-9D58-2461DB312E3F}.Release|Any CPU.ActiveCfg = Release|Any CPU
		{5865DC86-EA25-416E-9D58-2461DB312E3F}.Release|Any CPU.Build.0 = Release|Any CPU
		{450E9306-0933-441C-8E8A-79571FD8812C}.Debug|Any CPU.ActiveCfg = Debug|Any CPU
		{450E9306-0933-441C-8E8A-79571FD8812C}.Debug|Any CPU.Build.0 = Debug|Any CPU
		{450E9306-0933-441C-8E8A-79571FD8812C}.Release|Any CPU.ActiveCfg = Release|Any CPU
		{450E9306-0933-441C-8E8A-79571FD8812C}.Release|Any CPU.Build.0 = Release|Any CPU
		{3C777B08-CB12-4634-9048-2FA2B35B44D5}.Debug|Any CPU.ActiveCfg = Debug|Any CPU
		{3C777B08-CB12-4634-9048-2FA2B35B44D5}.Debug|Any CPU.Build.0 = Debug|Any CPU
		{3C777B08-CB12-4634-9048-2FA2B35B44D5}.Release|Any CPU.ActiveCfg = Release|Any CPU
		{3C777B08-CB12-4634-9048-2FA2B35B44D5}.Release|Any CPU.Build.0 = Release|Any CPU
	EndGlobalSection
	GlobalSection(SolutionProperties) = preSolution
		HideSolutionNode = FALSE
	EndGlobalSection
	GlobalSection(ExtensibilityGlobals) = postSolution
		SolutionGuid = {0339FC71-3B79-42DC-A28A-E1945327A598}
	EndGlobalSection
EndGlobal
